
Microsoft Visual Studio Solution File, Format Version 12.00
# Visual Studio 14
VisualStudioVersion = 14.0.22310.1
MinimumVisualStudioVersion = 10.0.40219.1
Project("{FAE04EC0-301F-11D3-BF4B-00C04F79EFBC}") = "TicketingSystem", "TicketingSystem\TicketingSystem.csproj", "{704B79AA-F3BB-4217-9D4F-ED174E7D4B4B}"
EndProject
Project("{2150E333-8FDC-42A3-9474-1A3956D46DE8}") = "Solution Items", "Solution Items", "{05557D5E-06A0-4F6D-BA25-538C5F51472D}"
	ProjectSection(SolutionItems) = preProject
		README.md = README.md
		TicketingSystem.E2ETest.JPG = TicketingSystem.E2ETest.JPG
		TicketingSystem.jpg = TicketingSystem.jpg
	EndProjectSection
EndProject
Project("{FAE04EC0-301F-11D3-BF4B-00C04F79EFBC}") = "TicketingSystem.E2ETest", "TicketingSystem.E2ETest\TicketingSystem.E2ETest.csproj", "{394B0AB8-878A-4640-BD62-014188BF572F}"
EndProject
Global
	GlobalSection(SolutionConfigurationPlatforms) = preSolution
		Debug|Any CPU = Debug|Any CPU
		Release|Any CPU = Release|Any CPU
	EndGlobalSection
	GlobalSection(ProjectConfigurationPlatforms) = postSolution
		{704B79AA-F3BB-4217-9D4F-ED174E7D4B4B}.Debug|Any CPU.ActiveCfg = Debug|Any CPU
		{704B79AA-F3BB-4217-9D4F-ED174E7D4B4B}.Debug|Any CPU.Build.0 = Debug|Any CPU
		{704B79AA-F3BB-4217-9D4F-ED174E7D4B4B}.Release|Any CPU.ActiveCfg = Release|Any CPU
		{704B79AA-F3BB-4217-9D4F-ED174E7D4B4B}.Release|Any CPU.Build.0 = Release|Any CPU
		{394B0AB8-878A-4640-BD62-014188BF572F}.Debug|Any CPU.ActiveCfg = Debug|Any CPU
		{394B0AB8-878A-4640-BD62-014188BF572F}.Debug|Any CPU.Build.0 = Debug|Any CPU
		{394B0AB8-878A-4640-BD62-014188BF572F}.Release|Any CPU.ActiveCfg = Release|Any CPU
		{394B0AB8-878A-4640-BD62-014188BF572F}.Release|Any CPU.Build.0 = Release|Any CPU
	EndGlobalSection
	GlobalSection(SolutionProperties) = preSolution
		HideSolutionNode = FALSE
	EndGlobalSection
EndGlobal
